
Microsoft Visual Studio Solution File, Format Version 12.00
# Visual Studio Version 16
VisualStudioVersion = 16.0.30114.105
MinimumVisualStudioVersion = 10.0.40219.1
Project("{FAE04EC0-301F-11D3-BF4B-00C04F79EFBC}") = "GUI", "QLBH\GUI.csproj", "{E1F92787-6118-458E-A0A9-ABE3C90BE9D7}"
EndProject
Project("{FAE04EC0-301F-11D3-BF4B-00C04F79EFBC}") = "BUS", "BUS\BUS.csproj", "{C34F385E-3EE3-4E6D-BFD2-A1651A55B694}"
EndProject
Project("{FAE04EC0-301F-11D3-BF4B-00C04F79EFBC}") = "DAL", "DAL\DAL.csproj", "{AE950C79-A6E1-46C3-ABE4-7565B64458BF}"
EndProject
Project("{FAE04EC0-301F-11D3-BF4B-00C04F79EFBC}") = "DTO", "DTO\DTO.csproj", "{75457F3C-70D0-4B8E-B424-B0F2CDED5E2F}"
EndProject
Global
	GlobalSection(SolutionConfigurationPlatforms) = preSolution
		Debug|Any CPU = Debug|Any CPU
		Release|Any CPU = Release|Any CPU
	EndGlobalSection
	GlobalSection(ProjectConfigurationPlatforms) = postSolution
		{E1F92787-6118-458E-A0A9-ABE3C90BE9D7}.Debug|Any CPU.ActiveCfg = Debug|Any CPU
		{E1F92787-6118-458E-A0A9-ABE3C90BE9D7}.Debug|Any CPU.Build.0 = Debug|Any CPU
		{E1F92787-6118-458E-A0A9-ABE3C90BE9D7}.Release|Any CPU.ActiveCfg = Release|Any CPU
		{E1F92787-6118-458E-A0A9-ABE3C90BE9D7}.Release|Any CPU.Build.0 = Release|Any CPU
		{C34F385E-3EE3-4E6D-BFD2-A1651A55B694}.Debug|Any CPU.ActiveCfg = Debug|Any CPU
		{C34F385E-3EE3-4E6D-BFD2-A1651A55B694}.Debug|Any CPU.Build.0 = Debug|Any CPU
		{C34F385E-3EE3-4E6D-BFD2-A1651A55B694}.Release|Any CPU.ActiveCfg = Release|Any CPU
		{C34F385E-3EE3-4E6D-BFD2-A1651A55B694}.Release|Any CPU.Build.0 = Release|Any CPU
		{AE950C79-A6E1-46C3-ABE4-7565B64458BF}.Debug|Any CPU.ActiveCfg = Debug|Any CPU
		{AE950C79-A6E1-46C3-ABE4-7565B64458BF}.Debug|Any CPU.Build.0 = Debug|Any CPU
		{AE950C79-A6E1-46C3-ABE4-7565B64458BF}.Release|Any CPU.ActiveCfg = Release|Any CPU
		{AE950C79-A6E1-46C3-ABE4-7565B64458BF}.Release|Any CPU.Build.0 = Release|Any CPU
		{75457F3C-70D0-4B8E-B424-B0F2CDED5E2F}.Debug|Any CPU.ActiveCfg = Debug|Any CPU
		{75457F3C-70D0-4B8E-B424-B0F2CDED5E2F}.Debug|Any CPU.Build.0 = Debug|Any CPU
		{75457F3C-70D0-4B8E-B424-B0F2CDED5E2F}.Release|Any CPU.ActiveCfg = Release|Any CPU
		{75457F3C-70D0-4B8E-B424-B0F2CDED5E2F}.Release|Any CPU.Build.0 = Release|Any CPU
	EndGlobalSection
	GlobalSection(SolutionProperties) = preSolution
		HideSolutionNode = FALSE
	EndGlobalSection
	GlobalSection(ExtensibilityGlobals) = postSolution
		SolutionGuid = {1C7B488E-3366-46A5-9C04-225711C4B2EB}
	EndGlobalSection
EndGlobal
